
Microsoft Visual Studio Solution File, Format Version 12.00
# Visual Studio Version 17
VisualStudioVersion = 17.1.32328.378
MinimumVisualStudioVersion = 10.0.40219.1
Project("{9A19103F-16F7-4668-BE54-9A1E7A4F7556}") = "BigBookstore.Domain", "BigBookstore.Domain\BigBookstore.Domain.csproj", "{56C6F322-9CE9-43A5-AD4E-BEA05A73669A}"
EndProject
Project("{2150E333-8FDC-42A3-9474-1A3956D46DE8}") = "Solution Items", "Solution Items", "{18A8A689-08BE-49AA-9080-20DB07C7A37F}"
	ProjectSection(SolutionItems) = preProject
		.gitignore = .gitignore
	EndProjectSection
EndProject
Project("{9A19103F-16F7-4668-BE54-9A1E7A4F7556}") = "BigBookstore.Persistance", "BigBookstore.Persistance\BigBookstore.Persistance.csproj", "{A7872522-3B58-4C8A-9D5F-69167F01140D}"
EndProject
Project("{9A19103F-16F7-4668-BE54-9A1E7A4F7556}") = "BigBookstore.Application", "BigBookstore.Application\BigBookstore.Application.csproj", "{B1B62335-00DF-4D68-94C7-4EC801DAEDDE}"
EndProject
Project("{9A19103F-16F7-4668-BE54-9A1E7A4F7556}") = "BigBookstore.Implementation", "BigBookstore.Implementation\BigBookstore.Implementation.csproj", "{BC7E801A-0592-4F03-9BB7-3A3B1827CF9B}"
EndProject
Project("{FAE04EC0-301F-11D3-BF4B-00C04F79EFBC}") = "BigBookstore.API", "BigBookstore.API\BigBookstore.API.csproj", "{48B0BEBD-0F3D-4CC8-8AAA-528FD85CB56A}"
EndProject
Global
	GlobalSection(SolutionConfigurationPlatforms) = preSolution
		Debug|Any CPU = Debug|Any CPU
		Release|Any CPU = Release|Any CPU
	EndGlobalSection
	GlobalSection(ProjectConfigurationPlatforms) = postSolution
		{56C6F322-9CE9-43A5-AD4E-BEA05A73669A}.Debug|Any CPU.ActiveCfg = Debug|Any CPU
		{56C6F322-9CE9-43A5-AD4E-BEA05A73669A}.Debug|Any CPU.Build.0 = Debug|Any CPU
		{56C6F322-9CE9-43A5-AD4E-BEA05A73669A}.Release|Any CPU.ActiveCfg = Release|Any CPU
		{56C6F322-9CE9-43A5-AD4E-BEA05A73669A}.Release|Any CPU.Build.0 = Release|Any CPU
		{A7872522-3B58-4C8A-9D5F-69167F01140D}.Debug|Any CPU.ActiveCfg = Debug|Any CPU
		{A7872522-3B58-4C8A-9D5F-69167F01140D}.Debug|Any CPU.Build.0 = Debug|Any CPU
		{A7872522-3B58-4C8A-9D5F-69167F01140D}.Release|Any CPU.ActiveCfg = Release|Any CPU
		{A7872522-3B58-4C8A-9D5F-69167F01140D}.Release|Any CPU.Build.0 = Release|Any CPU
		{B1B62335-00DF-4D68-94C7-4EC801DAEDDE}.Debug|Any CPU.ActiveCfg = Debug|Any CPU
		{B1B62335-00DF-4D68-94C7-4EC801DAEDDE}.Debug|Any CPU.Build.0 = Debug|Any CPU
		{B1B62335-00DF-4D68-94C7-4EC801DAEDDE}.Release|Any CPU.ActiveCfg = Release|Any CPU
		{B1B62335-00DF-4D68-94C7-4EC801DAEDDE}.Release|Any CPU.Build.0 = Release|Any CPU
		{BC7E801A-0592-4F03-9BB7-3A3B1827CF9B}.Debug|Any CPU.ActiveCfg = Debug|Any CPU
		{BC7E801A-0592-4F03-9BB7-3A3B1827CF9B}.Debug|Any CPU.Build.0 = Debug|Any CPU
		{BC7E801A-0592-4F03-9BB7-3A3B1827CF9B}.Release|Any CPU.ActiveCfg = Release|Any CPU
		{BC7E801A-0592-4F03-9BB7-3A3B1827CF9B}.Release|Any CPU.Build.0 = Release|Any CPU
		{48B0BEBD-0F3D-4CC8-8AAA-528FD85CB56A}.Debug|Any CPU.ActiveCfg = Debug|Any CPU
		{48B0BEBD-0F3D-4CC8-8AAA-528FD85CB56A}.Debug|Any CPU.Build.0 = Debug|Any CPU
		{48B0BEBD-0F3D-4CC8-8AAA-528FD85CB56A}.Release|Any CPU.ActiveCfg = Release|Any CPU
		{48B0BEBD-0F3D-4CC8-8AAA-528FD85CB56A}.Release|Any CPU.Build.0 = Release|Any CPU
	EndGlobalSection
	GlobalSection(SolutionProperties) = preSolution
		HideSolutionNode = FALSE
	EndGlobalSection
	GlobalSection(ExtensibilityGlobals) = postSolution
		SolutionGuid = {5A7DE8D2-9E82-4392-88CD-0DB1D480BFCD}
	EndGlobalSection
EndGlobal
